
Microsoft Visual Studio Solution File, Format Version 12.00
# Visual Studio Version 17
VisualStudioVersion = 17.4.33103.184
MinimumVisualStudioVersion = 10.0.40219.1
Project("{8BC9CEB8-8B4A-11D0-8D11-00A0C91BC942}") = "Knocky-vs", "Knocky-vs.vcxproj", "{9C9A6365-AF8B-4921-8F23-A27E50679651}"
EndProject
Global
	GlobalSection(SolutionConfigurationPlatforms) = preSolution
		Debug|ARM = Debug|ARM
		Debug|ARM64 = Debug|ARM64
		Debug|x64 = Debug|x64
		Debug|x86 = Debug|x86
		Release|ARM = Release|ARM
		Release|ARM64 = Release|ARM64
		Release|x64 = Release|x64
		Release|x86 = Release|x86
	EndGlobalSection
	GlobalSection(ProjectConfigurationPlatforms) = postSolution
		{9C9A6365-AF8B-4921-8F23-A27E50679651}.Debug|ARM.ActiveCfg = Debug|ARM
		{9C9A6365-AF8B-4921-8F23-A27E50679651}.Debug|ARM.Build.0 = Debug|ARM
		{9C9A6365-AF8B-4921-8F23-A27E50679651}.Debug|ARM64.ActiveCfg = Debug|ARM64
		{9C9A6365-AF8B-4921-8F23-A27E50679651}.Debug|ARM64.Build.0 = Debug|ARM64
		{9C9A6365-AF8B-4921-8F23-A27E50679651}.Debug|x64.ActiveCfg = Debug|x64
		{9C9A6365-AF8B-4921-8F23-A27E50679651}.Debug|x64.Build.0 = Debug|x64
		{9C9A6365-AF8B-4921-8F23-A27E50679651}.Debug|x86.ActiveCfg = Debug|x86
		{9C9A6365-AF8B-4921-8F23-A27E50679651}.Debug|x86.Build.0 = Debug|x86
		{9C9A6365-AF8B-4921-8F23-A27E50679651}.Release|ARM.ActiveCfg = Release|ARM
		{9C9A6365-AF8B-4921-8F23-A27E50679651}.Release|ARM.Build.0 = Release|ARM
		{9C9A6365-AF8B-4921-8F23-A27E50679651}.Release|ARM64.ActiveCfg = Release|ARM64
		{9C9A6365-AF8B-4921-8F23-A27E50679651}.Release|ARM64.Build.0 = Release|ARM64
		{9C9A6365-AF8B-4921-8F23-A27E50679651}.Release|x64.ActiveCfg = Release|x64
		{9C9A6365-AF8B-4921-8F23-A27E50679651}.Release|x64.Build.0 = Release|x64
		{9C9A6365-AF8B-4921-8F23-A27E50679651}.Release|x86.ActiveCfg = Release|x86
		{9C9A6365-AF8B-4921-8F23-A27E50679651}.Release|x86.Build.0 = Release|x86
	EndGlobalSection
	GlobalSection(SolutionProperties) = preSolution
		HideSolutionNode = FALSE
	EndGlobalSection
	GlobalSection(ExtensibilityGlobals) = postSolution
		SolutionGuid = {5AC2CB21-F0EA-4DBA-A4B6-E1D5C95BCD71}
	EndGlobalSection
EndGlobal
